
Microsoft Visual Studio Solution File, Format Version 12.00
# Visual Studio Version 17
VisualStudioVersion = 17.7.34221.43
MinimumVisualStudioVersion = 10.0.40219.1
Project("{9A19103F-16F7-4668-BE54-9A1E7A4F7556}") = "Hearth-Projeto", "Hearth-Projeto\Hearth-Projeto.csproj", "{3E56BA95-FA57-4057-89A3-5E7A1FEBA6AA}"
EndProject
Global
	GlobalSection(SolutionConfigurationPlatforms) = preSolution
		Debug|Any CPU = Debug|Any CPU
		Release|Any CPU = Release|Any CPU
	EndGlobalSection
	GlobalSection(ProjectConfigurationPlatforms) = postSolution
		{3E56BA95-FA57-4057-89A3-5E7A1FEBA6AA}.Debug|Any CPU.ActiveCfg = Debug|Any CPU
		{3E56BA95-FA57-4057-89A3-5E7A1FEBA6AA}.Debug|Any CPU.Build.0 = Debug|Any CPU
		{3E56BA95-FA57-4057-89A3-5E7A1FEBA6AA}.Release|Any CPU.ActiveCfg = Release|Any CPU
		{3E56BA95-FA57-4057-89A3-5E7A1FEBA6AA}.Release|Any CPU.Build.0 = Release|Any CPU
	EndGlobalSection
	GlobalSection(SolutionProperties) = preSolution
		HideSolutionNode = FALSE
	EndGlobalSection
	GlobalSection(ExtensibilityGlobals) = postSolution
		SolutionGuid = {B8061728-628D-477A-B7F5-1C00DBA2B5AE}
	EndGlobalSection
EndGlobal
